
Microsoft Visual Studio Solution File, Format Version 12.00
# Visual Studio Version 17
VisualStudioVersion = 17.2.32616.157
MinimumVisualStudioVersion = 10.0.40219.1
Project("{FAE04EC0-301F-11D3-BF4B-00C04F79EFBC}") = "ComparingObjects", "ComparingObjects\ComparingObjects.csproj", "{A86D4290-56F8-4859-B44A-4AD874D8E142}"
EndProject
Global
	GlobalSection(SolutionConfigurationPlatforms) = preSolution
		Debug|Any CPU = Debug|Any CPU
		Release|Any CPU = Release|Any CPU
	EndGlobalSection
	GlobalSection(ProjectConfigurationPlatforms) = postSolution
		{A86D4290-56F8-4859-B44A-4AD874D8E142}.Debug|Any CPU.ActiveCfg = Debug|Any CPU
		{A86D4290-56F8-4859-B44A-4AD874D8E142}.Debug|Any CPU.Build.0 = Debug|Any CPU
		{A86D4290-56F8-4859-B44A-4AD874D8E142}.Release|Any CPU.ActiveCfg = Release|Any CPU
		{A86D4290-56F8-4859-B44A-4AD874D8E142}.Release|Any CPU.Build.0 = Release|Any CPU
	EndGlobalSection
	GlobalSection(SolutionProperties) = preSolution
		HideSolutionNode = FALSE
	EndGlobalSection
	GlobalSection(ExtensibilityGlobals) = postSolution
		SolutionGuid = {55EDB305-4851-46E2-9FEE-4B54796006CE}
	EndGlobalSection
EndGlobal
