
Microsoft Visual Studio Solution File, Format Version 12.00
# Visual Studio Version 17
VisualStudioVersion = 17.2.32630.192
MinimumVisualStudioVersion = 10.0.40219.1
Project("{FAE04EC0-301F-11D3-BF4B-00C04F79EFBC}") = "RecursionApp", "RecursionApp\RecursionApp.csproj", "{3CDD7EE5-5CA5-4E24-9E5C-A4DB4B873F5E}"
EndProject
Project("{FAE04EC0-301F-11D3-BF4B-00C04F79EFBC}") = "FactorialRecursiveTests", "FactorialRecursiveTests\FactorialRecursiveTests.csproj", "{9563EAD0-9BD6-47E8-BD5A-4A7E77208F0C}"
EndProject
Global
	GlobalSection(SolutionConfigurationPlatforms) = preSolution
		Debug|Any CPU = Debug|Any CPU
		Release|Any CPU = Release|Any CPU
	EndGlobalSection
	GlobalSection(ProjectConfigurationPlatforms) = postSolution
		{3CDD7EE5-5CA5-4E24-9E5C-A4DB4B873F5E}.Debug|Any CPU.ActiveCfg = Debug|Any CPU
		{3CDD7EE5-5CA5-4E24-9E5C-A4DB4B873F5E}.Debug|Any CPU.Build.0 = Debug|Any CPU
		{3CDD7EE5-5CA5-4E24-9E5C-A4DB4B873F5E}.Release|Any CPU.ActiveCfg = Release|Any CPU
		{3CDD7EE5-5CA5-4E24-9E5C-A4DB4B873F5E}.Release|Any CPU.Build.0 = Release|Any CPU
		{9563EAD0-9BD6-47E8-BD5A-4A7E77208F0C}.Debug|Any CPU.ActiveCfg = Debug|Any CPU
		{9563EAD0-9BD6-47E8-BD5A-4A7E77208F0C}.Debug|Any CPU.Build.0 = Debug|Any CPU
		{9563EAD0-9BD6-47E8-BD5A-4A7E77208F0C}.Release|Any CPU.ActiveCfg = Release|Any CPU
		{9563EAD0-9BD6-47E8-BD5A-4A7E77208F0C}.Release|Any CPU.Build.0 = Release|Any CPU
	EndGlobalSection
	GlobalSection(SolutionProperties) = preSolution
		HideSolutionNode = FALSE
	EndGlobalSection
	GlobalSection(ExtensibilityGlobals) = postSolution
		SolutionGuid = {CE57914A-7139-4E5E-BC50-05D5056C109E}
	EndGlobalSection
EndGlobal
