
Microsoft Visual Studio Solution File, Format Version 12.00
# Visual Studio Version 17
VisualStudioVersion = 17.2.32616.157
MinimumVisualStudioVersion = 10.0.40219.1
Project("{FAE04EC0-301F-11D3-BF4B-00C04F79EFBC}") = "ExceptionsApp", "ExceptionsApp\ExceptionsApp.csproj", "{E5E175E3-DDAF-41EF-8EF2-0D14FEC54083}"
EndProject
Project("{FAE04EC0-301F-11D3-BF4B-00C04F79EFBC}") = "ExceptionsDataTypesTests", "ExceptionsDataTypesTests\ExceptionsDataTypesTests.csproj", "{B5D3729F-DC91-41D6-B8FD-32B909C35CB9}"
EndProject
Global
	GlobalSection(SolutionConfigurationPlatforms) = preSolution
		Debug|Any CPU = Debug|Any CPU
		Release|Any CPU = Release|Any CPU
	EndGlobalSection
	GlobalSection(ProjectConfigurationPlatforms) = postSolution
		{E5E175E3-DDAF-41EF-8EF2-0D14FEC54083}.Debug|Any CPU.ActiveCfg = Debug|Any CPU
		{E5E175E3-DDAF-41EF-8EF2-0D14FEC54083}.Debug|Any CPU.Build.0 = Debug|Any CPU
		{E5E175E3-DDAF-41EF-8EF2-0D14FEC54083}.Release|Any CPU.ActiveCfg = Release|Any CPU
		{E5E175E3-DDAF-41EF-8EF2-0D14FEC54083}.Release|Any CPU.Build.0 = Release|Any CPU
		{B5D3729F-DC91-41D6-B8FD-32B909C35CB9}.Debug|Any CPU.ActiveCfg = Debug|Any CPU
		{B5D3729F-DC91-41D6-B8FD-32B909C35CB9}.Debug|Any CPU.Build.0 = Debug|Any CPU
		{B5D3729F-DC91-41D6-B8FD-32B909C35CB9}.Release|Any CPU.ActiveCfg = Release|Any CPU
		{B5D3729F-DC91-41D6-B8FD-32B909C35CB9}.Release|Any CPU.Build.0 = Release|Any CPU
	EndGlobalSection
	GlobalSection(SolutionProperties) = preSolution
		HideSolutionNode = FALSE
	EndGlobalSection
	GlobalSection(ExtensibilityGlobals) = postSolution
		SolutionGuid = {3E1A4B81-B5AD-4393-AD94-5F2339F96AE6}
	EndGlobalSection
EndGlobal
